
Microsoft Visual Studio Solution File, Format Version 12.00
# Visual Studio Version 17
VisualStudioVersion = 17.13.35919.96
MinimumVisualStudioVersion = 10.0.40219.1
Project("{FAE04EC0-301F-11D3-BF4B-00C04F79EFBC}") = "Day 3", "Day 3\Day 3.csproj", "{C85DC378-194A-44D9-A968-E6E32788392C}"
EndProject
Project("{FAE04EC0-301F-11D3-BF4B-00C04F79EFBC}") = "EmployeeManagment.Tests", "EmployeeManagment.Tests\EmployeeManagment.Tests.csproj", "{39073448-6E52-4DD4-A09B-677B94F60930}"
EndProject
Global
	GlobalSection(SolutionConfigurationPlatforms) = preSolution
		Debug|Any CPU = Debug|Any CPU
		Release|Any CPU = Release|Any CPU
	EndGlobalSection
	GlobalSection(ProjectConfigurationPlatforms) = postSolution
		{C85DC378-194A-44D9-A968-E6E32788392C}.Debug|Any CPU.ActiveCfg = Debug|Any CPU
		{C85DC378-194A-44D9-A968-E6E32788392C}.Debug|Any CPU.Build.0 = Debug|Any CPU
		{C85DC378-194A-44D9-A968-E6E32788392C}.Release|Any CPU.ActiveCfg = Release|Any CPU
		{C85DC378-194A-44D9-A968-E6E32788392C}.Release|Any CPU.Build.0 = Release|Any CPU
		{39073448-6E52-4DD4-A09B-677B94F60930}.Debug|Any CPU.ActiveCfg = Debug|Any CPU
		{39073448-6E52-4DD4-A09B-677B94F60930}.Debug|Any CPU.Build.0 = Debug|Any CPU
		{39073448-6E52-4DD4-A09B-677B94F60930}.Release|Any CPU.ActiveCfg = Release|Any CPU
		{39073448-6E52-4DD4-A09B-677B94F60930}.Release|Any CPU.Build.0 = Release|Any CPU
	EndGlobalSection
	GlobalSection(SolutionProperties) = preSolution
		HideSolutionNode = FALSE
	EndGlobalSection
	GlobalSection(ExtensibilityGlobals) = postSolution
		SolutionGuid = {D78280BA-E76B-413D-9E59-AA3C5FEC228D}
	EndGlobalSection
EndGlobal
