Microsoft Visual Studio Solution File, Format Version 12.00
# Visual Studio Version 17
VisualStudioVersion = 17.5.2.0
MinimumVisualStudioVersion = 10.0.40219.1
Project("{FAE04EC0-301F-11D3-BF4B-00C04F79EFBC}") = "DepartmentServices", "DepartmentServices.csproj", "{B33A449E-8AA4-CDF3-3615-18D2C58AD1EA}"
EndProject
Global
	GlobalSection(SolutionConfigurationPlatforms) = preSolution
		Debug|Any CPU = Debug|Any CPU
		Release|Any CPU = Release|Any CPU
	EndGlobalSection
	GlobalSection(ProjectConfigurationPlatforms) = postSolution
		{B33A449E-8AA4-CDF3-3615-18D2C58AD1EA}.Debug|Any CPU.ActiveCfg = Debug|Any CPU
		{B33A449E-8AA4-CDF3-3615-18D2C58AD1EA}.Debug|Any CPU.Build.0 = Debug|Any CPU
		{B33A449E-8AA4-CDF3-3615-18D2C58AD1EA}.Release|Any CPU.ActiveCfg = Release|Any CPU
		{B33A449E-8AA4-CDF3-3615-18D2C58AD1EA}.Release|Any CPU.Build.0 = Release|Any CPU
	EndGlobalSection
	GlobalSection(SolutionProperties) = preSolution
		HideSolutionNode = FALSE
	EndGlobalSection
	GlobalSection(ExtensibilityGlobals) = postSolution
		SolutionGuid = {56DFEF44-B79D-4A9A-8BB6-DAD4A7E71161}
	EndGlobalSection
EndGlobal
